
Microsoft Visual Studio Solution File, Format Version 12.00
Project("{FAE04EC0-301F-11D3-BF4B-00C04F79EFBC}") = "OpenRpg.AdviceEngine", "OpenRpg.AdviceEngine\OpenRpg.AdviceEngine.csproj", "{C04361BD-25F5-40BD-BE80-03A13CD90147}"
EndProject
Global
	GlobalSection(SolutionConfigurationPlatforms) = preSolution
		Debug|Any CPU = Debug|Any CPU
		Release|Any CPU = Release|Any CPU
	EndGlobalSection
	GlobalSection(ProjectConfigurationPlatforms) = postSolution
		{C04361BD-25F5-40BD-BE80-03A13CD90147}.Debug|Any CPU.ActiveCfg = Debug|Any CPU
		{C04361BD-25F5-40BD-BE80-03A13CD90147}.Debug|Any CPU.Build.0 = Debug|Any CPU
		{C04361BD-25F5-40BD-BE80-03A13CD90147}.Release|Any CPU.ActiveCfg = Release|Any CPU
		{C04361BD-25F5-40BD-BE80-03A13CD90147}.Release|Any CPU.Build.0 = Release|Any CPU
	EndGlobalSection
	GlobalSection(NestedProjects) = preSolution
	EndGlobalSection
EndGlobal
